{
  "lockfileVersion": 1,
  "configVersion": 0,
  "workspaces": {
    "": {
      "name": "wikidot-ts",
      "dependencies": {
        "cheerio": "^1.0.0",
        "ky": "^1.7.0",
        "neverthrow": "^8.2.0",
        "p-limit": "^7.2.0",
        "zod": "^3.24.0",
      },
      "devDependencies": {
        "@biomejs/biome": "^1.9.0",
        "@types/bun": "^1.1.0",
        "bunup": "^0.8.0",
        "typescript": "^5.5.0",
      },
      "peerDependencies": {
        "typescript": "^5",
      },
    },
  },
  "packages": {
    "@babel/helper-string-parser": ["@babel/helper-string-parser@7.27.1", "", {}, "sha512-qMlSxKbpRlAridDExk92nSobyDdpPijUq2DW6oDnUqd0iOGxmQjyqhMIihI9+zv4LPyZdRje2cavWPbCbWm3eA=="],

    "@babel/helper-validator-identifier": ["@babel/helper-validator-identifier@7.28.5", "", {}, "sha512-qSs4ifwzKJSV39ucNjsvc6WVHs6b7S03sOh2OcHF9UHfVPqWWALUsNUVzhSBiItjRZoLHx7nIarVjqKVusUZ1Q=="],

    "@babel/parser": ["@babel/parser@7.28.5", "", { "dependencies": { "@babel/types": "^7.28.5" }, "bin": "./bin/babel-parser.js" }, "sha512-KKBU1VGYR7ORr3At5HAtUQ+TV3SzRCXmA/8OdDZiLDBIZxVyzXuztPjfLd3BV1PRAQGCMWWSHYhL0F8d5uHBDQ=="],

    "@babel/types": ["@babel/types@7.28.5", "", { "dependencies": { "@babel/helper-string-parser": "^7.27.1", "@babel/helper-validator-identifier": "^7.28.5" } }, "sha512-qQ5m48eI/MFLQ5PxQj4PFaprjyCTLI37ElWMmNs0K8Lk3dVeOdNpB3ks8jc7yM5CDmVC73eMVk/trk3fgmrUpA=="],

    "@biomejs/biome": ["@biomejs/biome@1.9.4", "", { "optionalDependencies": { "@biomejs/cli-darwin-arm64": "1.9.4", "@biomejs/cli-darwin-x64": "1.9.4", "@biomejs/cli-linux-arm64": "1.9.4", "@biomejs/cli-linux-arm64-musl": "1.9.4", "@biomejs/cli-linux-x64": "1.9.4", "@biomejs/cli-linux-x64-musl": "1.9.4", "@biomejs/cli-win32-arm64": "1.9.4", "@biomejs/cli-win32-x64": "1.9.4" }, "bin": { "biome": "bin/biome" } }, "sha512-1rkd7G70+o9KkTn5KLmDYXihGoTaIGO9PIIN2ZB7UJxFrWw04CZHPYiMRjYsaDvVV7hP1dYNRLxSANLaBFGpog=="],

    "@biomejs/cli-darwin-arm64": ["@biomejs/cli-darwin-arm64@1.9.4", "", { "os": "darwin", "cpu": "arm64" }, "sha512-bFBsPWrNvkdKrNCYeAp+xo2HecOGPAy9WyNyB/jKnnedgzl4W4Hb9ZMzYNbf8dMCGmUdSavlYHiR01QaYR58cw=="],

    "@biomejs/cli-darwin-x64": ["@biomejs/cli-darwin-x64@1.9.4", "", { "os": "darwin", "cpu": "x64" }, "sha512-ngYBh/+bEedqkSevPVhLP4QfVPCpb+4BBe2p7Xs32dBgs7rh9nY2AIYUL6BgLw1JVXV8GlpKmb/hNiuIxfPfZg=="],

    "@biomejs/cli-linux-arm64": ["@biomejs/cli-linux-arm64@1.9.4", "", { "os": "linux", "cpu": "arm64" }, "sha512-fJIW0+LYujdjUgJJuwesP4EjIBl/N/TcOX3IvIHJQNsAqvV2CHIogsmA94BPG6jZATS4Hi+xv4SkBBQSt1N4/g=="],

    "@biomejs/cli-linux-arm64-musl": ["@biomejs/cli-linux-arm64-musl@1.9.4", "", { "os": "linux", "cpu": "arm64" }, "sha512-v665Ct9WCRjGa8+kTr0CzApU0+XXtRgwmzIf1SeKSGAv+2scAlW6JR5PMFo6FzqqZ64Po79cKODKf3/AAmECqA=="],

    "@biomejs/cli-linux-x64": ["@biomejs/cli-linux-x64@1.9.4", "", { "os": "linux", "cpu": "x64" }, "sha512-lRCJv/Vi3Vlwmbd6K+oQ0KhLHMAysN8lXoCI7XeHlxaajk06u7G+UsFSO01NAs5iYuWKmVZjmiOzJ0OJmGsMwg=="],

    "@biomejs/cli-linux-x64-musl": ["@biomejs/cli-linux-x64-musl@1.9.4", "", { "os": "linux", "cpu": "x64" }, "sha512-gEhi/jSBhZ2m6wjV530Yy8+fNqG8PAinM3oV7CyO+6c3CEh16Eizm21uHVsyVBEB6RIM8JHIl6AGYCv6Q6Q9Tg=="],

    "@biomejs/cli-win32-arm64": ["@biomejs/cli-win32-arm64@1.9.4", "", { "os": "win32", "cpu": "arm64" }, "sha512-tlbhLk+WXZmgwoIKwHIHEBZUwxml7bRJgk0X2sPyNR3S93cdRq6XulAZRQJ17FYGGzWne0fgrXBKpl7l4M87Hg=="],

    "@biomejs/cli-win32-x64": ["@biomejs/cli-win32-x64@1.9.4", "", { "os": "win32", "cpu": "x64" }, "sha512-8Y5wMhVIPaWe6jw2H+KlEm4wP/f7EW3810ZLmDlrEEy5KvBsb9ECEfu/kMWD484ijfQ8+nIi0giMgu9g1UAuuA=="],

    "@clack/core": ["@clack/core@0.4.2", "", { "dependencies": { "picocolors": "^1.0.0", "sisteransi": "^1.0.5" } }, "sha512-NYQfcEy8MWIxrT5Fj8nIVchfRFA26yYKJcvBS7WlUIlw2OmQOY9DhGGXMovyI5J5PpxrCPGkgUi207EBrjpBvg=="],

    "@clack/prompts": ["@clack/prompts@0.10.1", "", { "dependencies": { "@clack/core": "0.4.2", "picocolors": "^1.0.0", "sisteransi": "^1.0.5" } }, "sha512-Q0T02vx8ZM9XSv9/Yde0jTmmBQufZhPJfYAg2XrrrxWWaZgq1rr8nU8Hv710BQ1dhoP8rtY7YUdpGej2Qza/cw=="],

    "@emnapi/core": ["@emnapi/core@1.7.1", "", { "dependencies": { "@emnapi/wasi-threads": "1.1.0", "tslib": "^2.4.0" } }, "sha512-o1uhUASyo921r2XtHYOHy7gdkGLge8ghBEQHMWmyJFoXlpU58kIrhhN3w26lpQb6dspetweapMn2CSNwQ8I4wg=="],

    "@emnapi/runtime": ["@emnapi/runtime@1.7.1", "", { "dependencies": { "tslib": "^2.4.0" } }, "sha512-PVtJr5CmLwYAU9PZDMITZoR5iAOShYREoR45EyyLrbntV50mdePTgUn4AmOw90Ifcj+x2kRjdzr1HP3RrNiHGA=="],

    "@emnapi/wasi-threads": ["@emnapi/wasi-threads@1.1.0", "", { "dependencies": { "tslib": "^2.4.0" } }, "sha512-WI0DdZ8xFSbgMjR1sFsKABJ/C5OnRrjT06JXbZKexJGrDuPTzZdDYfFlsgcCXCyf+suG5QU2e/y1Wo2V/OapLQ=="],

    "@isaacs/balanced-match": ["@isaacs/balanced-match@4.0.1", "", {}, "sha512-yzMTt9lEb8Gv7zRioUilSglI0c0smZ9k5D65677DLWLtWJaXIS3CqcGyUFByYKlnUj6TkjLVs54fBl6+TiGQDQ=="],

    "@isaacs/brace-expansion": ["@isaacs/brace-expansion@5.0.0", "", { "dependencies": { "@isaacs/balanced-match": "^4.0.1" } }, "sha512-ZT55BDLV0yv0RBm2czMiZ+SqCGO7AvmOM3G/w2xhVPH+te0aKgFjmBvGlL1dH+ql2tgGO3MVrbb3jCKyvpgnxA=="],

    "@napi-rs/wasm-runtime": ["@napi-rs/wasm-runtime@1.1.0", "", { "dependencies": { "@emnapi/core": "^1.7.1", "@emnapi/runtime": "^1.7.1", "@tybys/wasm-util": "^0.10.1" } }, "sha512-Fq6DJW+Bb5jaWE69/qOE0D1TUN9+6uWhCeZpdnSBk14pjLcCWR7Q8n49PTSPHazM37JqrsdpEthXy2xn6jWWiA=="],

    "@oxc-minify/binding-android-arm64": ["@oxc-minify/binding-android-arm64@0.77.3", "", { "os": "android", "cpu": "arm64" }, "sha512-9bGiDHSkPr6eaP4+/2DQerG+V69Ut4mezL1JtBTk54Iyc6tNsoHa9s+3wJSUHesXEgiHd/IxwuSXRtD9yC3VhQ=="],

    "@oxc-minify/binding-darwin-arm64": ["@oxc-minify/binding-darwin-arm64@0.77.3", "", { "os": "darwin", "cpu": "arm64" }, "sha512-DcRuFK/W3VqIlS8Wvb9bwd5yX+QTlr2ds2f5HW52OPx4odFwyF3+dD6nj3kyxvxITtf6U3jjqyaZEkq+LSQ5RQ=="],

    "@oxc-minify/binding-darwin-x64": ["@oxc-minify/binding-darwin-x64@0.77.3", "", { "os": "darwin", "cpu": "x64" }, "sha512-ZOKwC0nRNKpDKZq+sbFTbzJbrGR+drhIx3jhaTzSFpTWyzs3m5PW0yB+bKhhrqnk1Y26jtNixykBNiyhuPhCxQ=="],

    "@oxc-minify/binding-freebsd-x64": ["@oxc-minify/binding-freebsd-x64@0.77.3", "", { "os": "freebsd", "cpu": "x64" }, "sha512-z2LgrCT0YjxNIZRTOBFY5/FnqGX9S5QvkC/yoYqfDDuest8T6feTN68xXWg6D8+vFJPukvKEGY1xGikybc33xA=="],

    "@oxc-minify/binding-linux-arm-gnueabihf": ["@oxc-minify/binding-linux-arm-gnueabihf@0.77.3", "", { "os": "linux", "cpu": "arm" }, "sha512-VdpPQk9Xuu6C+p2DprWAEhIyELBrZLAzipMxoRnmox/HlFigs+FIeEfklCMls3yMSLCu6wKTdMdWeRu+dLXEHg=="],

    "@oxc-minify/binding-linux-arm-musleabihf": ["@oxc-minify/binding-linux-arm-musleabihf@0.77.3", "", { "os": "linux", "cpu": "arm" }, "sha512-bhiPBIQKIxKtOSHgxYQiVeJ7CrfHWDZxaNFMf6ktDBmYBeD9lE9A356wDfgBPFkVOGV+juSPrnpu7qg2si/Q7Q=="],

    "@oxc-minify/binding-linux-arm64-gnu": ["@oxc-minify/binding-linux-arm64-gnu@0.77.3", "", { "os": "linux", "cpu": "arm64" }, "sha512-PYjFgTLCMxoa4yIgxVTNOltGk9nuPWTYZpDGEZu0he+0HC4iD86ZJIEl0mW0CaNaMU2np/7gAr+Izu3W71q+FQ=="],

    "@oxc-minify/binding-linux-arm64-musl": ["@oxc-minify/binding-linux-arm64-musl@0.77.3", "", { "os": "linux", "cpu": "arm64" }, "sha512-GWa6MyEIwrDfEruj9SmIi/eG0XyEPSSupbltCL2k/cYgb+aUl1lT3sJLbOlKZqBbTzpuouAd+CkDqz+8UH/0qA=="],

    "@oxc-minify/binding-linux-riscv64-gnu": ["@oxc-minify/binding-linux-riscv64-gnu@0.77.3", "", { "os": "linux", "cpu": "none" }, "sha512-Wj1h95rGfMMVu0NMBNzo56WaB+z/mBVFRF4ij4Dbf2oBy4o3qDe2Q5Doa5U5c1k/uJbsM1X/mV7vqqgkHdORBA=="],

    "@oxc-minify/binding-linux-s390x-gnu": ["@oxc-minify/binding-linux-s390x-gnu@0.77.3", "", { "os": "linux", "cpu": "s390x" }, "sha512-xTIGeZZoOfa7c4FU+1OcZTk73W/0YD2m3Zwg4p0Wtch+0Z6VRyu/7CENjBXpCRkWF4C8sgvl6d8ZKOzF5wU+Dw=="],

    "@oxc-minify/binding-linux-x64-gnu": ["@oxc-minify/binding-linux-x64-gnu@0.77.3", "", { "os": "linux", "cpu": "x64" }, "sha512-YkgfAVmdtPMqJO/elfYBstnwGjD2P0SJwAs02c84/1JKRemrjSKqSewg3ETFIpo43c6b0g9OtoWj47Wwpnka7A=="],

    "@oxc-minify/binding-linux-x64-musl": ["@oxc-minify/binding-linux-x64-musl@0.77.3", "", { "os": "linux", "cpu": "x64" }, "sha512-//A5mBFmxvV+JzqI2/94SFpEF+nev0I/urXwhYPe8qzCYTlnzwxodH0Yb6js+BgebqiPdYs6YEp5Q2C/6OgsbA=="],

    "@oxc-minify/binding-wasm32-wasi": ["@oxc-minify/binding-wasm32-wasi@0.77.3", "", { "dependencies": { "@napi-rs/wasm-runtime": "^1.0.0" }, "cpu": "none" }, "sha512-4RCG1ZZyEyKIaZE2vXyFnVocDF1jIbfE/f5qbb1l0Wql2s4K5m1QDkKqPAVPuCmYiJ6+X2HyWus5QGqgnUKrXA=="],

    "@oxc-minify/binding-win32-arm64-msvc": ["@oxc-minify/binding-win32-arm64-msvc@0.77.3", "", { "os": "win32", "cpu": "arm64" }, "sha512-ppyKF8Y3iASeIBnPDL0mwDxnlq/nnKFEZpZ9dy2hDma/JDD9qmOheP3CGYZyUnkS9r0LvEtrtR5/FjKXF2VQOw=="],

    "@oxc-minify/binding-win32-x64-msvc": ["@oxc-minify/binding-win32-x64-msvc@0.77.3", "", { "os": "win32", "cpu": "x64" }, "sha512-8IY7xgdZjBDFyQCF0s7EB7YzVB+C4+p8AKDbPfKLYhSlntIfIqTYvSXc3dZQb83OH6kDLAs1GpdWgb8ByDu4kg=="],

    "@oxc-resolver/binding-darwin-arm64": ["@oxc-resolver/binding-darwin-arm64@8.0.0", "", { "os": "darwin", "cpu": "arm64" }, "sha512-rfoeXQgvZREwcGJd6un2P5Ca+vK8kiHmE70CHB4gqGanGlwo6zS81IHHA1Jaw29KOZ6BayDkU0IhpMP0GI1Frg=="],

    "@oxc-resolver/binding-darwin-x64": ["@oxc-resolver/binding-darwin-x64@8.0.0", "", { "os": "darwin", "cpu": "x64" }, "sha512-RaeGUGem8xg12zJRw+hwozuTqGeMDw5+JsS+joe20lJrIsXJINFz1HJVhsK1BYc5CGUiOW6oqMEwgIYxkIgaPA=="],

    "@oxc-resolver/binding-freebsd-x64": ["@oxc-resolver/binding-freebsd-x64@8.0.0", "", { "os": "freebsd", "cpu": "x64" }, "sha512-LTTh5OgJvkhJInkgAwKuM7rBNjXFIQQSRc213hDGHTkTlYwWiV8Z3qVCzsOEECLs5Rr5NgaUIRuK3FBNglvGoA=="],

    "@oxc-resolver/binding-linux-arm-gnueabihf": ["@oxc-resolver/binding-linux-arm-gnueabihf@8.0.0", "", { "os": "linux", "cpu": "arm" }, "sha512-nwBhaGbh4Izc0/fMuG9F2vbKU0CDLBpl5bd6mqq8MFQy3bapmG4E+4MHiUpSjHNIzKicYcjdlD8MVXj116vrrg=="],

    "@oxc-resolver/binding-linux-arm64-gnu": ["@oxc-resolver/binding-linux-arm64-gnu@8.0.0", "", { "os": "linux", "cpu": "arm64" }, "sha512-a8TVuLSWt79NK7Svz/I1COCoJxAaFW8LxbuhBoIkTJMiqR1cI0ZRwBlk9jArsvgyW93+z2OyOTXeh+qUtEE+PA=="],

    "@oxc-resolver/binding-linux-arm64-musl": ["@oxc-resolver/binding-linux-arm64-musl@8.0.0", "", { "os": "linux", "cpu": "arm64" }, "sha512-Qitm6+dvYVpdiZxO4ICPXbFuBIvW9h5JxHt6zV2wlDtU2fGVn4zAQBPA43eFEvTQh4T3iemeWqqSQ7DYfFZjpw=="],

    "@oxc-resolver/binding-linux-riscv64-gnu": ["@oxc-resolver/binding-linux-riscv64-gnu@8.0.0", "", { "os": "linux", "cpu": "none" }, "sha512-RU26a4fKom41ZfnU9AsfvA199F6dcxKxeQL/fMG/61q7E50AUk/JLPegR+P0OM69GCkBmcBBaVluzfhE4cYs9w=="],

    "@oxc-resolver/binding-linux-s390x-gnu": ["@oxc-resolver/binding-linux-s390x-gnu@8.0.0", "", { "os": "linux", "cpu": "s390x" }, "sha512-jV81rg2jh5a1TK1M8acDwaRnCFbMkJn3iiGVESzRAKZ4tTuVYTPkMtdgAQvummO1naUE2LRZxh8dA4v+gOkdYQ=="],

    "@oxc-resolver/binding-linux-x64-gnu": ["@oxc-resolver/binding-linux-x64-gnu@8.0.0", "", { "os": "linux", "cpu": "x64" }, "sha512-Dv1kxSarwtUD90EW8yQDLX4vSZme7CgMcf19PYYBMRujF5D96GOL76w53kblGHsJ+E3CRSvCXoRvsoPIi1MhDg=="],

    "@oxc-resolver/binding-linux-x64-musl": ["@oxc-resolver/binding-linux-x64-musl@8.0.0", "", { "os": "linux", "cpu": "x64" }, "sha512-mLT1udjMfYKIoLgmvGWHingJn4bR9Yt9SodGpaKnFFCMs01timy4avmSyj75JDoyCnDiAmkAfBS1etlcz9XX8A=="],

    "@oxc-resolver/binding-wasm32-wasi": ["@oxc-resolver/binding-wasm32-wasi@8.0.0", "", { "dependencies": { "@napi-rs/wasm-runtime": "^0.2.9" }, "cpu": "none" }, "sha512-XRlYXYdNyZ4GEBfmrkXimBp2q5KuhccrQKq2epFe6Wif/5gx2TDItFtYSkEezrxMq6jdAIgEj6R5PjUNzqQxtQ=="],

    "@oxc-resolver/binding-win32-arm64-msvc": ["@oxc-resolver/binding-win32-arm64-msvc@8.0.0", "", { "os": "win32", "cpu": "arm64" }, "sha512-ZFWMIKI6fn/LLZtX3TsivSuQ4LkBIBfMRNpH3zImDi43S4hAsxzfK9uVjWUeaI4+22TbqIIP363ILgfKzhZ9Lg=="],

    "@oxc-resolver/binding-win32-x64-msvc": ["@oxc-resolver/binding-win32-x64-msvc@8.0.0", "", { "os": "win32", "cpu": "x64" }, "sha512-gbDIXWHtgfQUlCFUh7e7j8hhvtYNGSy9qOwGzJXBgWSCLuHmH2B5PRc4i2UJbYChSGD2H+4A38JnJxLb2/rs6w=="],

    "@oxc-transform/binding-darwin-arm64": ["@oxc-transform/binding-darwin-arm64@0.67.0", "", { "os": "darwin", "cpu": "arm64" }, "sha512-P3zBMhpOQceNSys3/ZqvrjuRvcIbVzfGFN/tH34HlVkOjOmfGK1mOWjORsGAZtbgh1muXrF6mQETLzFjfYndXQ=="],

    "@oxc-transform/binding-darwin-x64": ["@oxc-transform/binding-darwin-x64@0.67.0", "", { "os": "darwin", "cpu": "x64" }, "sha512-B52aeo/C3spYHcwFQ4nAbDkwbMKf0K6ncWM8GrVUgGu8PPECLBhjPCW11kPW/lt9FxwrdgVYVzPYlZ6wmJmpEA=="],

    "@oxc-transform/binding-linux-arm-gnueabihf": ["@oxc-transform/binding-linux-arm-gnueabihf@0.67.0", "", { "os": "linux", "cpu": "arm" }, "sha512-5Ir1eQrC9lvj/rR1TJVGwOR4yLgXTLmfKHIfpVH7GGSQrzK7VMUfHWX+dAsX1VutaeE8puXIqtYvf9cHLw78dw=="],

    "@oxc-transform/binding-linux-arm64-gnu": ["@oxc-transform/binding-linux-arm64-gnu@0.67.0", "", { "os": "linux", "cpu": "arm64" }, "sha512-zTqfPET5+hZfJ3/dMqJboKxrpXMXk+j2HVdvX0wVhW2MI7n7hwELl+In6Yu20nXuEyJkNQlWHbNPCUfpM+cBWw=="],

    "@oxc-transform/binding-linux-arm64-musl": ["@oxc-transform/binding-linux-arm64-musl@0.67.0", "", { "os": "linux", "cpu": "arm64" }, "sha512-jzz/ATUhZ8wetb4gm5GwzheZns3Qj1CZ+DIMmD8nBxQXszmTS/fqnAPpgzruyLqkXBUuUfF3pHv5f/UmuHReuQ=="],

    "@oxc-transform/binding-linux-x64-gnu": ["@oxc-transform/binding-linux-x64-gnu@0.67.0", "", { "os": "linux", "cpu": "x64" }, "sha512-Qy2+tfglJ8yX6guC1EDAnuuzRZIXciXO9UwOewxyiahLxwuTpj/wvvZN3Cb1SA3c14zrwb2TNMZvaXS1/OS5Pg=="],

    "@oxc-transform/binding-linux-x64-musl": ["@oxc-transform/binding-linux-x64-musl@0.67.0", "", { "os": "linux", "cpu": "x64" }, "sha512-tHoYgDIRhgvh+/wIrzAk3cUoj/LSSoJAdsZW9XRlaixFW/TF2puxRyaS1hRco0bcKTwotXl/eDYqZmhIfUyGRQ=="],

    "@oxc-transform/binding-wasm32-wasi": ["@oxc-transform/binding-wasm32-wasi@0.67.0", "", { "dependencies": { "@napi-rs/wasm-runtime": "^0.2.9" }, "cpu": "none" }, "sha512-ZPT+1HECf7WUnotodIuS8tvSkwaiCdC2DDw8HVRmlerbS6iPYIPKyBCvkSM4RyUx0kljZtB9AciLCkEbwy5/zA=="],

    "@oxc-transform/binding-win32-arm64-msvc": ["@oxc-transform/binding-win32-arm64-msvc@0.67.0", "", { "os": "win32", "cpu": "arm64" }, "sha512-+E3lOHCk4EuIk6IjshBAARknAUpgH+gHTtZxCPqK4AWYA+Tls2J6C0FVM48uZ4m3rZpAq8ZszM9JZVAkOaynBQ=="],

    "@oxc-transform/binding-win32-x64-msvc": ["@oxc-transform/binding-win32-x64-msvc@0.67.0", "", { "os": "win32", "cpu": "x64" }, "sha512-3pIIFb9g5aFrAODTQVJYitq+ONHgDJ4IYk/7pk+jsG6JpKUkURd0auUlxvriO11fFit5hdwy+wIbU4kBvyRUkg=="],

    "@rollup/rollup-linux-x64-gnu": ["@rollup/rollup-linux-x64-gnu@4.54.0", "", { "os": "linux", "cpu": "x64" }, "sha512-WGt5J8Ij/rvyqpFexxk3ffKqqbLf9AqrTBbWDk7ApGUzaIs6V+s2s84kAxklFwmMF/vBNGrVdYgbblCOFFezMQ=="],

    "@tybys/wasm-util": ["@tybys/wasm-util@0.10.1", "", { "dependencies": { "tslib": "^2.4.0" } }, "sha512-9tTaPJLSiejZKx+Bmog4uSubteqTvFrVrURwkmHixBo0G4seD0zUxp98E1DzUBJxLQ3NPwXrGKDiVjwx/DpPsg=="],

    "@types/bun": ["@types/bun@1.3.5", "", { "dependencies": { "bun-types": "1.3.5" } }, "sha512-RnygCqNrd3srIPEWBd5LFeUYG7plCoH2Yw9WaZGyNmdTEei+gWaHqydbaIRkIkcbXwhBT94q78QljxN0Sk838w=="],

    "@types/node": ["@types/node@25.0.3", "", { "dependencies": { "undici-types": "~7.16.0" } }, "sha512-W609buLVRVmeW693xKfzHeIV6nJGGz98uCPfeXI1ELMLXVeKYZ9m15fAMSaUPBHYLGFsVRcMmSCksQOrZV9BYA=="],

    "ansi-regex": ["ansi-regex@6.2.2", "", {}, "sha512-Bq3SmSpyFHaWjPk8If9yc6svM8c56dB5BAtW4Qbw5jHTwwXXcTLoRMkpDJp6VL0XzlWaCHTXrkFURMYmD0sLqg=="],

    "ansi-styles": ["ansi-styles@6.2.3", "", {}, "sha512-4Dj6M28JB+oAH8kFkTLUo+a2jwOFkuqb3yucU0CANcRRUbxS0cP0nZYCGjcc3BNXwRIsUVmDGgzawme7zvJHvg=="],

    "boolbase": ["boolbase@1.0.0", "", {}, "sha512-JZOSA7Mo9sNGB8+UjSgzdLtokWAky1zbztM3WRLCbZ70/3cTANmQmOdR7y2g+J0e2WXywy1yS468tY+IruqEww=="],

    "bun-types": ["bun-types@1.3.5", "", { "dependencies": { "@types/node": "*" } }, "sha512-inmAYe2PFLs0SUbFOWSVD24sg1jFlMPxOjOSSCYqUgn4Hsc3rDc7dFvfVYjFPNHtov6kgUeulV4SxbuIV/stPw=="],

    "bunup": ["bunup@0.8.72", "", { "dependencies": { "@clack/prompts": "^0.10.1", "chokidar": "^4.0.3", "coffi": "^0.1.31", "fast-deep-equal": "^3.1.3", "giget": "^2.0.0", "picocolors": "^1.1.1", "replace-in-file": "^8.3.0", "tinyexec": "^1.0.1", "typeroll": "^0.6.21" }, "peerDependencies": { "lightningcss": ">=1.17.0", "typescript": ">=4.5.0" }, "optionalPeers": ["lightningcss", "typescript"], "bin": { "bunup": "dist/cli/index.js" } }, "sha512-dCcg4QqM8lk22UFNmgvPTws58Lr4IUybv1ZQYN/hI98d6SWRab86SLt6gYCKtZ1wzaw3v5L6EvUnZc8BEldXNQ=="],

    "chalk": ["chalk@5.6.2", "", {}, "sha512-7NzBL0rN6fMUW+f7A6Io4h40qQlG+xGmtMxfbnH/K7TAtt8JQWVQK+6g0UXKMeVJoyV5EkkNsErQ8pVD3bLHbA=="],

    "cheerio": ["cheerio@1.1.2", "", { "dependencies": { "cheerio-select": "^2.1.0", "dom-serializer": "^2.0.0", "domhandler": "^5.0.3", "domutils": "^3.2.2", "encoding-sniffer": "^0.2.1", "htmlparser2": "^10.0.0", "parse5": "^7.3.0", "parse5-htmlparser2-tree-adapter": "^7.1.0", "parse5-parser-stream": "^7.1.2", "undici": "^7.12.0", "whatwg-mimetype": "^4.0.0" } }, "sha512-IkxPpb5rS/d1IiLbHMgfPuS0FgiWTtFIm/Nj+2woXDLTZ7fOT2eqzgYbdMlLweqlHbsZjxEChoVK+7iph7jyQg=="],

    "cheerio-select": ["cheerio-select@2.1.0", "", { "dependencies": { "boolbase": "^1.0.0", "css-select": "^5.1.0", "css-what": "^6.1.0", "domelementtype": "^2.3.0", "domhandler": "^5.0.3", "domutils": "^3.0.1" } }, "sha512-9v9kG0LvzrlcungtnJtpGNxY+fzECQKhK4EGJX2vByejiMX84MFNQw4UxPJl3bFbTMw+Dfs37XaIkCwTZfLh4g=="],

    "chokidar": ["chokidar@4.0.3", "", { "dependencies": { "readdirp": "^4.0.1" } }, "sha512-Qgzu8kfBvo+cA4962jnP1KkS6Dop5NS6g7R5LFYJr4b8Ub94PPQXUksCw9PvXoeXPRRddRNC5C1JQUR2SMGtnA=="],

    "citty": ["citty@0.1.6", "", { "dependencies": { "consola": "^3.2.3" } }, "sha512-tskPPKEs8D2KPafUypv2gxwJP8h/OaJmC82QQGGDQcHvXX43xF2VDACcJVmZ0EuSxkpO9Kc4MlrA3q0+FG58AQ=="],

    "cliui": ["cliui@9.0.1", "", { "dependencies": { "string-width": "^7.2.0", "strip-ansi": "^7.1.0", "wrap-ansi": "^9.0.0" } }, "sha512-k7ndgKhwoQveBL+/1tqGJYNz097I7WOvwbmmU2AR5+magtbjPWQTS1C5vzGkBC8Ym8UWRzfKUzUUqFLypY4Q+w=="],

    "coffi": ["coffi@0.1.37", "", { "dependencies": { "strip-json-comments": "^5.0.3" } }, "sha512-ewO5Xis7sw7g54yI/3lJ/nNV90Er4ZnENeDORZjrs58T70MmwKFLZgevraNCz+RmB4KDKsYT1ui1wDB36iPWqQ=="],

    "confbox": ["confbox@0.2.2", "", {}, "sha512-1NB+BKqhtNipMsov4xI/NnhCKp9XG9NamYp5PVm9klAT0fsrNPjaFICsCFhNhwZJKNh7zB/3q8qXz0E9oaMNtQ=="],

    "consola": ["consola@3.4.2", "", {}, "sha512-5IKcdX0nnYavi6G7TtOhwkYzyjfJlatbjMjuLSfE2kYT5pMDOilZ4OvMhi637CcDICTmz3wARPoyhqyX1Y+XvA=="],

    "css-select": ["css-select@5.2.2", "", { "dependencies": { "boolbase": "^1.0.0", "css-what": "^6.1.0", "domhandler": "^5.0.2", "domutils": "^3.0.1", "nth-check": "^2.0.1" } }, "sha512-TizTzUddG/xYLA3NXodFM0fSbNizXjOKhqiQQwvhlspadZokn1KDy0NZFS0wuEubIYAV5/c1/lAr0TaaFXEXzw=="],

    "css-what": ["css-what@6.2.2", "", {}, "sha512-u/O3vwbptzhMs3L1fQE82ZSLHQQfto5gyZzwteVIEyeaY5Fc7R4dapF/BvRoSYFeqfBk4m0V1Vafq5Pjv25wvA=="],

    "defu": ["defu@6.1.4", "", {}, "sha512-mEQCMmwJu317oSz8CwdIOdwf3xMif1ttiM8LTufzc3g6kR+9Pe236twL8j3IYT1F7GfRgGcW6MWxzZjLIkuHIg=="],

    "dom-serializer": ["dom-serializer@2.0.0", "", { "dependencies": { "domelementtype": "^2.3.0", "domhandler": "^5.0.2", "entities": "^4.2.0" } }, "sha512-wIkAryiqt/nV5EQKqQpo3SToSOV9J0DnbJqwK7Wv/Trc92zIAYZ4FlMu+JPFW1DfGFt81ZTCGgDEabffXeLyJg=="],

    "domelementtype": ["domelementtype@2.3.0", "", {}, "sha512-OLETBj6w0OsagBwdXnPdN0cnMfF9opN69co+7ZrbfPGrdpPVNBUj02spi6B1N7wChLQiPn4CSH/zJvXw56gmHw=="],

    "domhandler": ["domhandler@5.0.3", "", { "dependencies": { "domelementtype": "^2.3.0" } }, "sha512-cgwlv/1iFQiFnU96XXgROh8xTeetsnJiDsTc7TYCLFd9+/WNkIqPTxiM/8pSd8VIrhXGTf1Ny1q1hquVqDJB5w=="],

    "domutils": ["domutils@3.2.2", "", { "dependencies": { "dom-serializer": "^2.0.0", "domelementtype": "^2.3.0", "domhandler": "^5.0.3" } }, "sha512-6kZKyUajlDuqlHKVX1w7gyslj9MPIXzIFiz/rGu35uC1wMi+kMhQwGhl4lt9unC9Vb9INnY9Z3/ZA3+FhASLaw=="],

    "emoji-regex": ["emoji-regex@10.6.0", "", {}, "sha512-toUI84YS5YmxW219erniWD0CIVOo46xGKColeNQRgOzDorgBi1v4D71/OFzgD9GO2UGKIv1C3Sp8DAn0+j5w7A=="],

    "encoding-sniffer": ["encoding-sniffer@0.2.1", "", { "dependencies": { "iconv-lite": "^0.6.3", "whatwg-encoding": "^3.1.1" } }, "sha512-5gvq20T6vfpekVtqrYQsSCFZ1wEg5+wW0/QaZMWkFr6BqD3NfKs0rLCx4rrVlSWJeZb5NBJgVLswK/w2MWU+Gw=="],

    "entities": ["entities@4.5.0", "", {}, "sha512-V0hjH4dGPh9Ao5p0MoRY6BVqtwCjhz6vI5LT8AJ55H+4g9/4vbHx1I54fS0XuclLhDHArPQCiMjDxjaL8fPxhw=="],

    "escalade": ["escalade@3.2.0", "", {}, "sha512-WUj2qlxaQtO4g6Pq5c29GTcWGDyd8itL8zTlipgECz3JesAiiOKotd8JU6otB3PACgG6xkJUyVhboMS+bje/jA=="],

    "exsolve": ["exsolve@1.0.8", "", {}, "sha512-LmDxfWXwcTArk8fUEnOfSZpHOJ6zOMUJKOtFLFqJLoKJetuQG874Uc7/Kki7zFLzYybmZhp1M7+98pfMqeX8yA=="],

    "fast-deep-equal": ["fast-deep-equal@3.1.3", "", {}, "sha512-f3qQ9oQy9j2AhBe/H9VC91wLmKBCCU/gDOnKNAYG5hswO7BLKj09Hc5HYNz9cGI++xlpDCIgDaitVs03ATR84Q=="],

    "get-caller-file": ["get-caller-file@2.0.5", "", {}, "sha512-DyFP3BM/3YHTQOCUL/w0OZHR0lpKeGrxotcHWcqNEdnltqFwXVfhEBQ94eIo34AfQpo0rGki4cyIiftY06h2Fg=="],

    "get-east-asian-width": ["get-east-asian-width@1.4.0", "", {}, "sha512-QZjmEOC+IT1uk6Rx0sX22V6uHWVwbdbxf1faPqJ1QhLdGgsRGCZoyaQBm/piRdJy/D2um6hM1UP7ZEeQ4EkP+Q=="],

    "giget": ["giget@2.0.0", "", { "dependencies": { "citty": "^0.1.6", "consola": "^3.4.0", "defu": "^6.1.4", "node-fetch-native": "^1.6.6", "nypm": "^0.6.0", "pathe": "^2.0.3" }, "bin": { "giget": "dist/cli.mjs" } }, "sha512-L5bGsVkxJbJgdnwyuheIunkGatUF/zssUoxxjACCseZYAVbaqdh9Tsmmlkl8vYan09H7sbvKt4pS8GqKLBrEzA=="],

    "glob": ["glob@13.0.0", "", { "dependencies": { "minimatch": "^10.1.1", "minipass": "^7.1.2", "path-scurry": "^2.0.0" } }, "sha512-tvZgpqk6fz4BaNZ66ZsRaZnbHvP/jG3uKJvAZOwEVUL4RTA5nJeeLYfyN9/VA8NX/V3IBG+hkeuGpKjvELkVhA=="],

    "htmlparser2": ["htmlparser2@10.0.0", "", { "dependencies": { "domelementtype": "^2.3.0", "domhandler": "^5.0.3", "domutils": "^3.2.1", "entities": "^6.0.0" } }, "sha512-TwAZM+zE5Tq3lrEHvOlvwgj1XLWQCtaaibSN11Q+gGBAS7Y1uZSWwXXRe4iF6OXnaq1riyQAPFOBtYc77Mxq0g=="],

    "iconv-lite": ["iconv-lite@0.6.3", "", { "dependencies": { "safer-buffer": ">= 2.1.2 < 3.0.0" } }, "sha512-4fCk79wshMdzMp2rH06qWrJE4iolqLhCUH+OiuIgU++RB0+94NlDL81atO7GX55uUKueo0txHNtvEyI6D7WdMw=="],

    "ky": ["ky@1.14.1", "", {}, "sha512-hYje4L9JCmpEQBtudo+v52X5X8tgWXUYyPcxKSuxQNboqufecl9VMWjGiucAFH060AwPXHZuH+WB2rrqfkmafw=="],

    "lru-cache": ["lru-cache@11.2.4", "", {}, "sha512-B5Y16Jr9LB9dHVkh6ZevG+vAbOsNOYCX+sXvFWFu7B3Iz5mijW3zdbMyhsh8ANd2mSWBYdJgnqi+mL7/LrOPYg=="],

    "minimatch": ["minimatch@10.1.1", "", { "dependencies": { "@isaacs/brace-expansion": "^5.0.0" } }, "sha512-enIvLvRAFZYXJzkCYG5RKmPfrFArdLv+R+lbQ53BmIMLIry74bjKzX6iHAm8WYamJkhSSEabrWN5D97XnKObjQ=="],

    "minipass": ["minipass@7.1.2", "", {}, "sha512-qOOzS1cBTWYF4BH8fVePDBOO9iptMnGUEZwNc/cMWnTV2nVLZ7VoNWEPHkYczZA0pdoA7dl6e7FL659nX9S2aw=="],

    "neverthrow": ["neverthrow@8.2.0", "", { "optionalDependencies": { "@rollup/rollup-linux-x64-gnu": "^4.24.0" } }, "sha512-kOCT/1MCPAxY5iUV3wytNFUMUolzuwd/VF/1KCx7kf6CutrOsTie+84zTGTpgQycjvfLdBBdvBvFLqFD2c0wkQ=="],

    "node-fetch-native": ["node-fetch-native@1.6.7", "", {}, "sha512-g9yhqoedzIUm0nTnTqAQvueMPVOuIY16bqgAJJC8XOOubYFNwz6IER9qs0Gq2Xd0+CecCKFjtdDTMA4u4xG06Q=="],

    "nth-check": ["nth-check@2.1.1", "", { "dependencies": { "boolbase": "^1.0.0" } }, "sha512-lqjrjmaOoAnWfMmBPL+XNnynZh2+swxiX3WUE0s4yEHI6m+AwrK2UZOimIRl3X/4QctVqS8AiZjFqyOGrMXb/w=="],

    "nypm": ["nypm@0.6.2", "", { "dependencies": { "citty": "^0.1.6", "consola": "^3.4.2", "pathe": "^2.0.3", "pkg-types": "^2.3.0", "tinyexec": "^1.0.1" }, "bin": { "nypm": "dist/cli.mjs" } }, "sha512-7eM+hpOtrKrBDCh7Ypu2lJ9Z7PNZBdi/8AT3AX8xoCj43BBVHD0hPSTEvMtkMpfs8FCqBGhxB+uToIQimA111g=="],

    "oxc-minify": ["oxc-minify@0.77.3", "", { "optionalDependencies": { "@oxc-minify/binding-android-arm64": "0.77.3", "@oxc-minify/binding-darwin-arm64": "0.77.3", "@oxc-minify/binding-darwin-x64": "0.77.3", "@oxc-minify/binding-freebsd-x64": "0.77.3", "@oxc-minify/binding-linux-arm-gnueabihf": "0.77.3", "@oxc-minify/binding-linux-arm-musleabihf": "0.77.3", "@oxc-minify/binding-linux-arm64-gnu": "0.77.3", "@oxc-minify/binding-linux-arm64-musl": "0.77.3", "@oxc-minify/binding-linux-riscv64-gnu": "0.77.3", "@oxc-minify/binding-linux-s390x-gnu": "0.77.3", "@oxc-minify/binding-linux-x64-gnu": "0.77.3", "@oxc-minify/binding-linux-x64-musl": "0.77.3", "@oxc-minify/binding-wasm32-wasi": "0.77.3", "@oxc-minify/binding-win32-arm64-msvc": "0.77.3", "@oxc-minify/binding-win32-x64-msvc": "0.77.3" } }, "sha512-fYCSYazHno31eATVyHNyP2MEEMrVLaKVglac7bIoJC/qlb3x+Vqhv4eUViseOkoGM46rb9k8ZdDwhsEMtFUQhA=="],

    "oxc-resolver": ["oxc-resolver@8.0.0", "", { "optionalDependencies": { "@oxc-resolver/binding-darwin-arm64": "8.0.0", "@oxc-resolver/binding-darwin-x64": "8.0.0", "@oxc-resolver/binding-freebsd-x64": "8.0.0", "@oxc-resolver/binding-linux-arm-gnueabihf": "8.0.0", "@oxc-resolver/binding-linux-arm64-gnu": "8.0.0", "@oxc-resolver/binding-linux-arm64-musl": "8.0.0", "@oxc-resolver/binding-linux-riscv64-gnu": "8.0.0", "@oxc-resolver/binding-linux-s390x-gnu": "8.0.0", "@oxc-resolver/binding-linux-x64-gnu": "8.0.0", "@oxc-resolver/binding-linux-x64-musl": "8.0.0", "@oxc-resolver/binding-wasm32-wasi": "8.0.0", "@oxc-resolver/binding-win32-arm64-msvc": "8.0.0", "@oxc-resolver/binding-win32-x64-msvc": "8.0.0" } }, "sha512-qY7JxZ9FPL1n4hcLi5y8JVKVLRUbFLw9PZ0zsK/xdIHJpJOu4DLEGXepyNjPtnTY+WDAj75LR+JjbDHj0sqlBA=="],

    "oxc-transform": ["oxc-transform@0.67.0", "", { "optionalDependencies": { "@oxc-transform/binding-darwin-arm64": "0.67.0", "@oxc-transform/binding-darwin-x64": "0.67.0", "@oxc-transform/binding-linux-arm-gnueabihf": "0.67.0", "@oxc-transform/binding-linux-arm64-gnu": "0.67.0", "@oxc-transform/binding-linux-arm64-musl": "0.67.0", "@oxc-transform/binding-linux-x64-gnu": "0.67.0", "@oxc-transform/binding-linux-x64-musl": "0.67.0", "@oxc-transform/binding-wasm32-wasi": "0.67.0", "@oxc-transform/binding-win32-arm64-msvc": "0.67.0", "@oxc-transform/binding-win32-x64-msvc": "0.67.0" } }, "sha512-QXwmpLfNrXZoHgIjEtDEf6lhwmvHouNtstNgg/UveczVIjo8VSzd5h25Ea96PoX9KzReJUY/qYa4QSNkJpZGfA=="],

    "p-limit": ["p-limit@7.2.0", "", { "dependencies": { "yocto-queue": "^1.2.1" } }, "sha512-ATHLtwoTNDloHRFFxFJdHnG6n2WUeFjaR8XQMFdKIv0xkXjrER8/iG9iu265jOM95zXHAfv9oTkqhrfbIzosrQ=="],

    "parse5": ["parse5@7.3.0", "", { "dependencies": { "entities": "^6.0.0" } }, "sha512-IInvU7fabl34qmi9gY8XOVxhYyMyuH2xUNpb2q8/Y+7552KlejkRvqvD19nMoUW/uQGGbqNpA6Tufu5FL5BZgw=="],

    "parse5-htmlparser2-tree-adapter": ["parse5-htmlparser2-tree-adapter@7.1.0", "", { "dependencies": { "domhandler": "^5.0.3", "parse5": "^7.0.0" } }, "sha512-ruw5xyKs6lrpo9x9rCZqZZnIUntICjQAd0Wsmp396Ul9lN/h+ifgVV1x1gZHi8euej6wTfpqX8j+BFQxF0NS/g=="],

    "parse5-parser-stream": ["parse5-parser-stream@7.1.2", "", { "dependencies": { "parse5": "^7.0.0" } }, "sha512-JyeQc9iwFLn5TbvvqACIF/VXG6abODeB3Fwmv/TGdLk2LfbWkaySGY72at4+Ty7EkPZj854u4CrICqNk2qIbow=="],

    "path-scurry": ["path-scurry@2.0.1", "", { "dependencies": { "lru-cache": "^11.0.0", "minipass": "^7.1.2" } }, "sha512-oWyT4gICAu+kaA7QWk/jvCHWarMKNs6pXOGWKDTr7cw4IGcUbW+PeTfbaQiLGheFRpjo6O9J0PmyMfQPjH71oA=="],

    "pathe": ["pathe@2.0.3", "", {}, "sha512-WUjGcAqP1gQacoQe+OBJsFA7Ld4DyXuUIjZ5cc75cLHvJ7dtNsTugphxIADwspS+AraAUePCKrSVtPLFj/F88w=="],

    "picocolors": ["picocolors@1.1.1", "", {}, "sha512-xceH2snhtb5M9liqDsmEw56le376mTZkEX/jEb/RxNFyegNul7eNslCXP9FDj/Lcu0X8KEyMceP2ntpaHrDEVA=="],

    "pkg-types": ["pkg-types@2.3.0", "", { "dependencies": { "confbox": "^0.2.2", "exsolve": "^1.0.7", "pathe": "^2.0.3" } }, "sha512-SIqCzDRg0s9npO5XQ3tNZioRY1uK06lA41ynBC1YmFTmnY6FjUjVt6s4LoADmwoig1qqD0oK8h1p/8mlMx8Oig=="],

    "readdirp": ["readdirp@4.1.2", "", {}, "sha512-GDhwkLfywWL2s6vEjyhri+eXmfH6j1L7JE27WhqLeYzoh/A3DBaYGEj2H/HFZCn/kMfim73FXxEJTw06WtxQwg=="],

    "replace-in-file": ["replace-in-file@8.4.0", "", { "dependencies": { "chalk": "^5.6.2", "glob": "^13.0.0", "yargs": "^18.0.0" }, "bin": { "replace-in-file": "bin/cli.js" } }, "sha512-D28k8jy2LtUGbCzCnR3znajaTWIjJ/Uee3UdodzcHRxE7zn6NmYW/dcSqyivnsYU3W+MxdX6SbF28NvJ0GRoLA=="],

    "safer-buffer": ["safer-buffer@2.1.2", "", {}, "sha512-YZo3K82SD7Riyi0E1EQPojLz7kpepnSQI9IyPbHHg1XXXevb5dJI7tpyN2ADxGcQbHG7vcyRHk0cbwqcQriUtg=="],

    "sisteransi": ["sisteransi@1.0.5", "", {}, "sha512-bLGGlR1QxBcynn2d5YmDX4MGjlZvy2MRBDRNHLJ8VI6l6+9FUiyTFNJ0IveOSP0bcXgVDPRcfGqA0pjaqUpfVg=="],

    "std-env": ["std-env@3.10.0", "", {}, "sha512-5GS12FdOZNliM5mAOxFRg7Ir0pWz8MdpYm6AY6VPkGpbA7ZzmbzNcBJQ0GPvvyWgcY7QAhCgf9Uy89I03faLkg=="],

    "string-width": ["string-width@7.2.0", "", { "dependencies": { "emoji-regex": "^10.3.0", "get-east-asian-width": "^1.0.0", "strip-ansi": "^7.1.0" } }, "sha512-tsaTIkKW9b4N+AEj+SVA+WhJzV7/zMhcSu78mLKWSk7cXMOSHsBKFWUs0fWwq8QyK3MgJBQRX6Gbi4kYbdvGkQ=="],

    "strip-ansi": ["strip-ansi@7.1.2", "", { "dependencies": { "ansi-regex": "^6.0.1" } }, "sha512-gmBGslpoQJtgnMAvOVqGZpEz9dyoKTCzy2nfz/n8aIFhN/jCE/rCmcxabB6jOOHV+0WNnylOxaxBQPSvcWklhA=="],

    "strip-json-comments": ["strip-json-comments@5.0.3", "", {}, "sha512-1tB5mhVo7U+ETBKNf92xT4hrQa3pm0MZ0PQvuDnWgAAGHDsfp4lPSpiS6psrSiet87wyGPh9ft6wmhOMQ0hDiw=="],

    "tinyexec": ["tinyexec@1.0.2", "", {}, "sha512-W/KYk+NFhkmsYpuHq5JykngiOCnxeVL8v8dFnqxSD8qEEdRfXk1SDM6JzNqcERbcGYj9tMrDQBYV9cjgnunFIg=="],

    "ts-import-resolver": ["ts-import-resolver@0.1.23", "", { "peerDependencies": { "typescript": ">=4.5.0" }, "optionalPeers": ["typescript"] }, "sha512-282pgr6j6aOvP3P2I6XugDxdBobkpdMmdbWjRjGl5gjPI1p0+oTNGDh1t924t75kRlyIkF65DiwhSIUysmyHQA=="],

    "tslib": ["tslib@2.8.1", "", {}, "sha512-oJFu94HQb+KVduSUQL7wnpmqnfmLsOA/nAh6b6EH0wCEoK0/mPeXU6c3wKDV83MkOuHPRHtSXKKU99IBazS/2w=="],

    "typeroll": ["typeroll@0.6.22", "", { "dependencies": { "@babel/parser": "^7.28.0", "@babel/types": "^7.28.1", "coffi": "^0.1.31", "oxc-minify": "^0.77.2", "oxc-resolver": "^8.0.0", "oxc-transform": "^0.67.0", "picocolors": "^1.1.1", "std-env": "^3.9.0", "ts-import-resolver": "^0.1.23" }, "peerDependencies": { "typescript": ">=4.5.0" }, "optionalPeers": ["typescript"] }, "sha512-hn8VF1o9UB2SULDCCoRh9wiLxcUIsE5cytqJ09nMRNug0/zg8AzEtaN94vxmWVa/PVjntMQkmN8oEU+lbndhvA=="],

    "typescript": ["typescript@5.9.3", "", { "bin": { "tsc": "bin/tsc", "tsserver": "bin/tsserver" } }, "sha512-jl1vZzPDinLr9eUt3J/t7V6FgNEw9QjvBPdysz9KfQDD41fQrC2Y4vKQdiaUpFT4bXlb1RHhLpp8wtm6M5TgSw=="],

    "undici": ["undici@7.16.0", "", {}, "sha512-QEg3HPMll0o3t2ourKwOeUAZ159Kn9mx5pnzHRQO8+Wixmh88YdZRiIwat0iNzNNXn0yoEtXJqFpyW7eM8BV7g=="],

    "undici-types": ["undici-types@7.16.0", "", {}, "sha512-Zz+aZWSj8LE6zoxD+xrjh4VfkIG8Ya6LvYkZqtUQGJPZjYl53ypCaUwWqo7eI0x66KBGeRo+mlBEkMSeSZ38Nw=="],

    "whatwg-encoding": ["whatwg-encoding@3.1.1", "", { "dependencies": { "iconv-lite": "0.6.3" } }, "sha512-6qN4hJdMwfYBtE3YBTTHhoeuUrDBPZmbQaxWAqSALV/MeEnR5z1xd8UKud2RAkFoPkmB+hli1TZSnyi84xz1vQ=="],

    "whatwg-mimetype": ["whatwg-mimetype@4.0.0", "", {}, "sha512-QaKxh0eNIi2mE9p2vEdzfagOKHCcj1pJ56EEHGQOVxp8r9/iszLUUV7v89x9O1p/T+NlTM5W7jW6+cz4Fq1YVg=="],

    "wrap-ansi": ["wrap-ansi@9.0.2", "", { "dependencies": { "ansi-styles": "^6.2.1", "string-width": "^7.0.0", "strip-ansi": "^7.1.0" } }, "sha512-42AtmgqjV+X1VpdOfyTGOYRi0/zsoLqtXQckTmqTeybT+BDIbM/Guxo7x3pE2vtpr1ok6xRqM9OpBe+Jyoqyww=="],

    "y18n": ["y18n@5.0.8", "", {}, "sha512-0pfFzegeDWJHJIAmTLRP2DwHjdF5s7jo9tuztdQxAhINCdvS+3nGINqPd00AphqJR/0LhANUS6/+7SCb98YOfA=="],

    "yargs": ["yargs@18.0.0", "", { "dependencies": { "cliui": "^9.0.1", "escalade": "^3.1.1", "get-caller-file": "^2.0.5", "string-width": "^7.2.0", "y18n": "^5.0.5", "yargs-parser": "^22.0.0" } }, "sha512-4UEqdc2RYGHZc7Doyqkrqiln3p9X2DZVxaGbwhn2pi7MrRagKaOcIKe8L3OxYcbhXLgLFUS3zAYuQjKBQgmuNg=="],

    "yargs-parser": ["yargs-parser@22.0.0", "", {}, "sha512-rwu/ClNdSMpkSrUb+d6BRsSkLUq1fmfsY6TOpYzTwvwkg1/NRG85KBy3kq++A8LKQwX6lsu+aWad+2khvuXrqw=="],

    "yocto-queue": ["yocto-queue@1.2.2", "", {}, "sha512-4LCcse/U2MHZ63HAJVE+v71o7yOdIe4cZ70Wpf8D/IyjDKYQLV5GD46B+hSTjJsvV5PztjvHoU580EftxjDZFQ=="],

    "zod": ["zod@3.25.76", "", {}, "sha512-gzUt/qt81nXsFGKIFcC3YnfEAx5NkunCfnDlvuBSSFS02bcXu4Lmea0AFIUwbLWxWPx3d9p8S5QoaujKcNQxcQ=="],

    "@oxc-resolver/binding-wasm32-wasi/@napi-rs/wasm-runtime": ["@napi-rs/wasm-runtime@0.2.12", "", { "dependencies": { "@emnapi/core": "^1.4.3", "@emnapi/runtime": "^1.4.3", "@tybys/wasm-util": "^0.10.0" } }, "sha512-ZVWUcfwY4E/yPitQJl481FjFo3K22D6qF0DuFH6Y/nbnE11GY5uguDxZMGXPQ8WQ0128MXQD7TnfHyK4oWoIJQ=="],

    "@oxc-transform/binding-wasm32-wasi/@napi-rs/wasm-runtime": ["@napi-rs/wasm-runtime@0.2.12", "", { "dependencies": { "@emnapi/core": "^1.4.3", "@emnapi/runtime": "^1.4.3", "@tybys/wasm-util": "^0.10.0" } }, "sha512-ZVWUcfwY4E/yPitQJl481FjFo3K22D6qF0DuFH6Y/nbnE11GY5uguDxZMGXPQ8WQ0128MXQD7TnfHyK4oWoIJQ=="],

    "htmlparser2/entities": ["entities@6.0.1", "", {}, "sha512-aN97NXWF6AWBTahfVOIrB/NShkzi5H7F9r1s9mD3cDj4Ko5f2qhhVoYMibXF7GlLveb/D2ioWay8lxI97Ven3g=="],

    "parse5/entities": ["entities@6.0.1", "", {}, "sha512-aN97NXWF6AWBTahfVOIrB/NShkzi5H7F9r1s9mD3cDj4Ko5f2qhhVoYMibXF7GlLveb/D2ioWay8lxI97Ven3g=="],
  }
}
